
Microsoft Visual Studio Solution File, Format Version 12.00
# Visual Studio Version 17
VisualStudioVersion = 17.11.35312.102
MinimumVisualStudioVersion = 10.0.40219.1
Project("{FAE04EC0-301F-11D3-BF4B-00C04F79EFBC}") = "Bio_Agriturismo", "Bio_Agriturismo\Bio_Agriturismo.csproj", "{BEF8DEEA-F36F-4834-A74F-3E5E7984045F}"
EndProject
Global
	GlobalSection(SolutionConfigurationPlatforms) = preSolution
		Debug|Any CPU = Debug|Any CPU
		Release|Any CPU = Release|Any CPU
	EndGlobalSection
	GlobalSection(ProjectConfigurationPlatforms) = postSolution
		{BEF8DEEA-F36F-4834-A74F-3E5E7984045F}.Debug|Any CPU.ActiveCfg = Debug|Any CPU
		{BEF8DEEA-F36F-4834-A74F-3E5E7984045F}.Debug|Any CPU.Build.0 = Debug|Any CPU
		{BEF8DEEA-F36F-4834-A74F-3E5E7984045F}.Release|Any CPU.ActiveCfg = Release|Any CPU
		{BEF8DEEA-F36F-4834-A74F-3E5E7984045F}.Release|Any CPU.Build.0 = Release|Any CPU
	EndGlobalSection
	GlobalSection(SolutionProperties) = preSolution
		HideSolutionNode = FALSE
	EndGlobalSection
	GlobalSection(ExtensibilityGlobals) = postSolution
		SolutionGuid = {D4F338E6-DB5B-4D1B-AC89-D21330878F02}
	EndGlobalSection
EndGlobal
